
Microsoft Visual Studio Solution File, Format Version 12.00
# Visual Studio 15
VisualStudioVersion = 15.0.28010.2026
MinimumVisualStudioVersion = 10.0.40219.1
Project("{FAE04EC0-301F-11D3-BF4B-00C04F79EFBC}") = "Imageapp", "Imageapp\Imageapp.csproj", "{BE3B37B7-8D18-4526-947E-3A77733B5F2F}"
EndProject
Global
	GlobalSection(SolutionConfigurationPlatforms) = preSolution
		Debug|Any CPU = Debug|Any CPU
		Release|Any CPU = Release|Any CPU
	EndGlobalSection
	GlobalSection(ProjectConfigurationPlatforms) = postSolution
		{BE3B37B7-8D18-4526-947E-3A77733B5F2F}.Debug|Any CPU.ActiveCfg = Debug|Any CPU
		{BE3B37B7-8D18-4526-947E-3A77733B5F2F}.Debug|Any CPU.Build.0 = Debug|Any CPU
		{BE3B37B7-8D18-4526-947E-3A77733B5F2F}.Release|Any CPU.ActiveCfg = Release|Any CPU
		{BE3B37B7-8D18-4526-947E-3A77733B5F2F}.Release|Any CPU.Build.0 = Release|Any CPU
	EndGlobalSection
	GlobalSection(SolutionProperties) = preSolution
		HideSolutionNode = FALSE
	EndGlobalSection
	GlobalSection(ExtensibilityGlobals) = postSolution
		SolutionGuid = {595E7C2C-B77F-4E6A-AE32-F5362F20F58D}
	EndGlobalSection
EndGlobal
